
Microsoft Visual Studio Solution File, Format Version 12.00
# Visual Studio Version 17
VisualStudioVersion = 17.14.36518.9
MinimumVisualStudioVersion = 10.0.40219.1
Project("{FAE04EC0-301F-11D3-BF4B-00C04F79EFBC}") = "Escuela-Back", "Escuela-Back.csproj", "{A62E2992-FA70-4EA3-A59E-7762CEEF5B9B}"
EndProject
Project("{FAE04EC0-301F-11D3-BF4B-00C04F79EFBC}") = "Escuela-Test", "..\Escuela-Test\Escuela-Test.csproj", "{5E10AC69-1F77-430C-A476-8E2B8961C1BF}"
EndProject
Project("{FAE04EC0-301F-11D3-BF4B-00C04F79EFBC}") = "Escuela_Front", "..\Escuela_Front\Escuela_Front.csproj", "{CC659204-480F-FE75-933D-38064F07F015}"
EndProject
Global
	GlobalSection(SolutionConfigurationPlatforms) = preSolution
		Debug|Any CPU = Debug|Any CPU
		Release|Any CPU = Release|Any CPU
	EndGlobalSection
	GlobalSection(ProjectConfigurationPlatforms) = postSolution
		{A62E2992-FA70-4EA3-A59E-7762CEEF5B9B}.Debug|Any CPU.ActiveCfg = Debug|Any CPU
		{A62E2992-FA70-4EA3-A59E-7762CEEF5B9B}.Debug|Any CPU.Build.0 = Debug|Any CPU
		{A62E2992-FA70-4EA3-A59E-7762CEEF5B9B}.Release|Any CPU.ActiveCfg = Release|Any CPU
		{A62E2992-FA70-4EA3-A59E-7762CEEF5B9B}.Release|Any CPU.Build.0 = Release|Any CPU
		{5E10AC69-1F77-430C-A476-8E2B8961C1BF}.Debug|Any CPU.ActiveCfg = Debug|Any CPU
		{5E10AC69-1F77-430C-A476-8E2B8961C1BF}.Debug|Any CPU.Build.0 = Debug|Any CPU
		{5E10AC69-1F77-430C-A476-8E2B8961C1BF}.Release|Any CPU.ActiveCfg = Release|Any CPU
		{5E10AC69-1F77-430C-A476-8E2B8961C1BF}.Release|Any CPU.Build.0 = Release|Any CPU
		{CC659204-480F-FE75-933D-38064F07F015}.Debug|Any CPU.ActiveCfg = Debug|Any CPU
		{CC659204-480F-FE75-933D-38064F07F015}.Debug|Any CPU.Build.0 = Debug|Any CPU
		{CC659204-480F-FE75-933D-38064F07F015}.Release|Any CPU.ActiveCfg = Release|Any CPU
		{CC659204-480F-FE75-933D-38064F07F015}.Release|Any CPU.Build.0 = Release|Any CPU
	EndGlobalSection
	GlobalSection(SolutionProperties) = preSolution
		HideSolutionNode = FALSE
	EndGlobalSection
	GlobalSection(ExtensibilityGlobals) = postSolution
		SolutionGuid = {AC4DAD0D-426E-4B86-B304-1D893F8B624F}
	EndGlobalSection
EndGlobal
